// !$*UTF8*$!
{
	archiveVersion = 1;
	classes = {
	};
	objectVersion = 50;
	objects = {

/* Begin PBXBuildFile section */
		2BB620049619576C3F3FF761 /* Pods_GMS_Normal_App.framework in Frameworks */ = {isa = PBXBuildFile; fileRef = B736A8DAD6575A755F94C9D8 /* Pods_GMS_Normal_App.framework */; };
		6A4CC48626CF8053007AF95F /* AppDelegate.swift in Sources */ = {isa = PBXBuildFile; fileRef = 6A4CC48526CF8053007AF95F /* AppDelegate.swift */; };
		6A4CC48826CF8053007AF95F /* SceneDelegate.swift in Sources */ = {isa = PBXBuildFile; fileRef = 6A4CC48726CF8053007AF95F /* SceneDelegate.swift */; };
		6A4CC48A26CF8053007AF95F /* ViewController.swift in Sources */ = {isa = PBXBuildFile; fileRef = 6A4CC48926CF8053007AF95F /* ViewController.swift */; };
		6A4CC48D26CF8053007AF95F /* Main.storyboard in Resources */ = {isa = PBXBuildFile; fileRef = 6A4CC48B26CF8053007AF95F /* Main.storyboard */; };
		6A4CC48F26CF8054007AF95F /* Assets.xcassets in Resources */ = {isa = PBXBuildFile; fileRef = 6A4CC48E26CF8054007AF95F /* Assets.xcassets */; };
		6A4CC49226CF8054007AF95F /* LaunchScreen.storyboard in Resources */ = {isa = PBXBuildFile; fileRef = 6A4CC49026CF8054007AF95F /* LaunchScreen.storyboard */; };
/* End PBXBuildFile section */

/* Begin PBXFileReference section */
		182C5BAA5B8AD4591989D317 /* Pods-GMS Normal App.debug.xcconfig */ = {isa = PBXFileReference; includeInIndex = 1; lastKnownFileType = text.xcconfig; name = "Pods-GMS Normal App.debug.xcconfig"; path = "Target Support Files/Pods-GMS Normal App/Pods-GMS Normal App.debug.xcconfig"; sourceTree = "<group>"; };
		6A4CC48226CF8053007AF95F /* GMS Normal App.app */ = {isa = PBXFileReference; explicitFileType = wrapper.application; includeInIndex = 0; path = "GMS Normal App.app"; sourceTree = BUILT_PRODUCTS_DIR; };
		6A4CC48526CF8053007AF95F /* AppDelegate.swift */ = {isa = PBXFileReference; lastKnownFileType = sourcecode.swift; path = AppDelegate.swift; sourceTree = "<group>"; };
		6A4CC48726CF8053007AF95F /* SceneDelegate.swift */ = {isa = PBXFileReference; lastKnownFileType = sourcecode.swift; path = SceneDelegate.swift; sourceTree = "<group>"; };
		6A4CC48926CF8053007AF95F /* ViewController.swift */ = {isa = PBXFileReference; lastKnownFileType = sourcecode.swift; path = ViewController.swift; sourceTree = "<group>"; };
		6A4CC48C26CF8053007AF95F /* Base */ = {isa = PBXFileReference; lastKnownFileType = file.storyboard; name = Base; path = Base.lproj/Main.storyboard; sourceTree = "<group>"; };
		6A4CC48E26CF8054007AF95F /* Assets.xcassets */ = {isa = PBXFileReference; lastKnownFileType = folder.assetcatalog; path = Assets.xcassets; sourceTree = "<group>"; };
		6A4CC49126CF8054007AF95F /* Base */ = {isa = PBXFileReference; lastKnownFileType = file.storyboard; name = Base; path = Base.lproj/LaunchScreen.storyboard; sourceTree = "<group>"; };
		6A4CC49326CF8054007AF95F /* Info.plist */ = {isa = PBXFileReference; lastKnownFileType = text.plist.xml; path = Info.plist; sourceTree = "<group>"; };
		7CAB4BFF3457544958BED132 /* Pods-GMS Normal App.release.xcconfig */ = {isa = PBXFileReference; includeInIndex = 1; lastKnownFileType = text.xcconfig; name = "Pods-GMS Normal App.release.xcconfig"; path = "Target Support Files/Pods-GMS Normal App/Pods-GMS Normal App.release.xcconfig"; sourceTree = "<group>"; };
		B736A8DAD6575A755F94C9D8 /* Pods_GMS_Normal_App.framework */ = {isa = PBXFileReference; explicitFileType = wrapper.framework; includeInIndex = 0; path = Pods_GMS_Normal_App.framework; sourceTree = BUILT_PRODUCTS_DIR; };
/* End PBXFileReference section */

/* Begin PBXFrameworksBuildPhase section */
		6A4CC47F26CF8053007AF95F /* Frameworks */ = {
			isa = PBXFrameworksBuildPhase;
			buildActionMask = 2147483647;
			files = (
				2BB620049619576C3F3FF761 /* Pods_GMS_Normal_App.framework in Frameworks */,
			);
			runOnlyForDeploymentPostprocessing = 0;
		};
/* End PBXFrameworksBuildPhase section */

/* Begin PBXGroup section */
		49822D7A390FC101599EF960 /* Pods */ = {
			isa = PBXGroup;
			children = (
				182C5BAA5B8AD4591989D317 /* Pods-GMS Normal App.debug.xcconfig */,
				7CAB4BFF3457544958BED132 /* Pods-GMS Normal App.release.xcconfig */,
			);
			name = Pods;
			path = Pods;
			sourceTree = "<group>";
		};
		6A4CC47926CF8053007AF95F = {
			isa = PBXGroup;
			children = (
				6A4CC48426CF8053007AF95F /* GMS Normal App */,
				6A4CC48326CF8053007AF95F /* Products */,
				49822D7A390FC101599EF960 /* Pods */,
				9594CE9A0C42C04D92CAAA97 /* Frameworks */,
			);
			sourceTree = "<group>";
		};
		6A4CC48326CF8053007AF95F /* Products */ = {
			isa = PBXGroup;
			children = (
				6A4CC48226CF8053007AF95F /* GMS Normal App.app */,
			);
			name = Products;
			sourceTree = "<group>";
		};
		6A4CC48426CF8053007AF95F /* GMS Normal App */ = {
			isa = PBXGroup;
			children = (
				6A4CC48526CF8053007AF95F /* AppDelegate.swift */,
				6A4CC48726CF8053007AF95F /* SceneDelegate.swift */,
				6A4CC48926CF8053007AF95F /* ViewController.swift */,
				6A4CC48B26CF8053007AF95F /* Main.storyboard */,
				6A4CC48E26CF8054007AF95F /* Assets.xcassets */,
				6A4CC49026CF8054007AF95F /* LaunchScreen.storyboard */,
				6A4CC49326CF8054007AF95F /* Info.plist */,
			);
			path = "GMS Normal App";
			sourceTree = "<group>";
		};
		9594CE9A0C42C04D92CAAA97 /* Frameworks */ = {
			isa = PBXGroup;
			children = (
				B736A8DAD6575A755F94C9D8 /* Pods_GMS_Normal_App.framework */,
			);
			name = Frameworks;
			sourceTree = "<group>";
		};
/* End PBXGroup section */

/* Begin PBXNativeTarget section */
		6A4CC48126CF8053007AF95F /* GMS Normal App */ = {
			isa = PBXNativeTarget;
			buildConfigurationList = 6A4CC49626CF8054007AF95F /* Build configuration list for PBXNativeTarget "GMS Normal App" */;
			buildPhases = (
				C163676FBEC151327ECDD6F6 /* [CP] Check Pods Manifest.lock */,
				6A4CC47E26CF8053007AF95F /* Sources */,
				6A4CC47F26CF8053007AF95F /* Frameworks */,
				6A4CC48026CF8053007AF95F /* Resources */,
				243381AE3FDA29034FF6E25B /* [CP] Copy Pods Resources */,
			);
			buildRules = (
			);
			dependencies = (
			);
			name = "GMS Normal App";
			productName = "GMS Normal App";
			productReference = 6A4CC48226CF8053007AF95F /* GMS Normal App.app */;
			productType = "com.apple.product-type.application";
		};
/* End PBXNativeTarget section */

/* Begin PBXProject section */
		6A4CC47A26CF8053007AF95F /* Project object */ = {
			isa = PBXProject;
			attributes = {
				LastSwiftUpdateCheck = 1250;
				LastUpgradeCheck = 1250;
				TargetAttributes = {
					6A4CC48126CF8053007AF95F = {
						CreatedOnToolsVersion = 12.5.1;
					};
				};
			};
			buildConfigurationList = 6A4CC47D26CF8053007AF95F /* Build configuration list for PBXProject "GMS Normal App" */;
			compatibilityVersion = "Xcode 9.3";
			developmentRegion = en;
			hasScannedForEncodings = 0;
			knownRegions = (
				en,
				Base,
			);
			mainGroup = 6A4CC47926CF8053007AF95F;
			productRefGroup = 6A4CC48326CF8053007AF95F /* Products */;
			projectDirPath = "";
			projectRoot = "";
			targets = (
				6A4CC48126CF8053007AF95F /* GMS Normal App */,
			);
		};
/* End PBXProject section */

/* Begin PBXResourcesBuildPhase section */
		6A4CC48026CF8053007AF95F /* Resources */ = {
			isa = PBXResourcesBuildPhase;
			buildActionMask = 2147483647;
			files = (
				6A4CC49226CF8054007AF95F /* LaunchScreen.storyboard in Resources */,
				6A4CC48F26CF8054007AF95F /* Assets.xcassets in Resources */,
				6A4CC48D26CF8053007AF95F /* Main.storyboard in Resources */,
			);
			runOnlyForDeploymentPostprocessing = 0;
		};
/* End PBXResourcesBuildPhase section */

/* Begin PBXShellScriptBuildPhase section */
		243381AE3FDA29034FF6E25B /* [CP] Copy Pods Resources */ = {
			isa = PBXShellScriptBuildPhase;
			buildActionMask = 2147483647;
			files = (
			);
			inputFileListPaths = (
				"${PODS_ROOT}/Target Support Files/Pods-GMS Normal App/Pods-GMS Normal App-resources-${CONFIGURATION}-input-files.xcfilelist",
			);
			name = "[CP] Copy Pods Resources";
			outputFileListPaths = (
				"${PODS_ROOT}/Target Support Files/Pods-GMS Normal App/Pods-GMS Normal App-resources-${CONFIGURATION}-output-files.xcfilelist",
			);
			runOnlyForDeploymentPostprocessing = 0;
			shellPath = /bin/sh;
			shellScript = "\"${PODS_ROOT}/Target Support Files/Pods-GMS Normal App/Pods-GMS Normal App-resources.sh\"\n";
			showEnvVarsInLog = 0;
		};
		C163676FBEC151327ECDD6F6 /* [CP] Check Pods Manifest.lock */ = {
			isa = PBXShellScriptBuildPhase;
			buildActionMask = 2147483647;
			files = (
			);
			inputFileListPaths = (
			);
			inputPaths = (
				"${PODS_PODFILE_DIR_PATH}/Podfile.lock",
				"${PODS_ROOT}/Manifest.lock",
			);
			name = "[CP] Check Pods Manifest.lock";
			outputFileListPaths = (
			);
			outputPaths = (
				"$(DERIVED_FILE_DIR)/Pods-GMS Normal App-checkManifestLockResult.txt",
			);
			runOnlyForDeploymentPostprocessing = 0;
			shellPath = /bin/sh;
			shellScript = "diff \"${PODS_PODFILE_DIR_PATH}/Podfile.lock\" \"${PODS_ROOT}/Manifest.lock\" > /dev/null\nif [ $? != 0 ] ; then\n    # print error to STDERR\n    echo \"error: The sandbox is not in sync with the Podfile.lock. Run 'pod install' or update your CocoaPods installation.\" >&2\n    exit 1\nfi\n# This output is used by Xcode 'outputs' to avoid re-running this script phase.\necho \"SUCCESS\" > \"${SCRIPT_OUTPUT_FILE_0}\"\n";
			showEnvVarsInLog = 0;
		};
/* End PBXShellScriptBuildPhase section */

/* Begin PBXSourcesBuildPhase section */
		6A4CC47E26CF8053007AF95F /* Sources */ = {
			isa = PBXSourcesBuildPhase;
			buildActionMask = 2147483647;
			files = (
				6A4CC48A26CF8053007AF95F /* ViewController.swift in Sources */,
				6A4CC48626CF8053007AF95F /* AppDelegate.swift in Sources */,
				6A4CC48826CF8053007AF95F /* SceneDelegate.swift in Sources */,
			);
			runOnlyForDeploymentPostprocessing = 0;
		};
/* End PBXSourcesBuildPhase section */

/* Begin PBXVariantGroup section */
		6A4CC48B26CF8053007AF95F /* Main.storyboard */ = {
			isa = PBXVariantGroup;
			children = (
				6A4CC48C26CF8053007AF95F /* Base */,
			);
			name = Main.storyboard;
			sourceTree = "<group>";
		};
		6A4CC49026CF8054007AF95F /* LaunchScreen.storyboard */ = {
			isa = PBXVariantGroup;
			children = (
				6A4CC49126CF8054007AF95F /* Base */,
			);
			name = LaunchScreen.storyboard;
			sourceTree = "<group>";
		};
/* End PBXVariantGroup section */

/* Begin XCBuildConfiguration section */
		6A4CC49426CF8054007AF95F /* Debug */ = {
			isa = XCBuildConfiguration;
			buildSettings = {
				ALWAYS_SEARCH_USER_PATHS = NO;
				CLANG_ANALYZER_NONNULL = YES;
				CLANG_ANALYZER_NUMBER_OBJECT_CONVERSION = YES_AGGRESSIVE;
				CLANG_CXX_LANGUAGE_STANDARD = "gnu++14";
				CLANG_CXX_LIBRARY = "libc++";
				CLANG_ENABLE_MODULES = YES;
				CLANG_ENABLE_OBJC_ARC = YES;
				CLANG_ENABLE_OBJC_WEAK = YES;
				CLANG_WARN_BLOCK_CAPTURE_AUTORELEASING = YES;
				CLANG_WARN_BOOL_CONVERSION = YES;
				CLANG_WARN_COMMA = YES;
				CLANG_WARN_CONSTANT_CONVERSION = YES;
				CLANG_WARN_DEPRECATED_OBJC_IMPLEMENTATIONS = YES;
				CLANG_WARN_DIRECT_OBJC_ISA_USAGE = YES_ERROR;
				CLANG_WARN_DOCUMENTATION_COMMENTS = YES;
				CLANG_WARN_EMPTY_BODY = YES;
				CLANG_WARN_ENUM_CONVERSION = YES;
				CLANG_WARN_INFINITE_RECURSION = YES;
				CLANG_WARN_INT_CONVERSION = YES;
				CLANG_WARN_NON_LITERAL_NULL_CONVERSION = YES;
				CLANG_WARN_OBJC_IMPLICIT_RETAIN_SELF = YES;
				CLANG_WARN_OBJC_LITERAL_CONVERSION = YES;
				CLANG_WARN_OBJC_ROOT_CLASS = YES_ERROR;
				CLANG_WARN_QUOTED_INCLUDE_IN_FRAMEWORK_HEADER = YES;
				CLANG_WARN_RANGE_LOOP_ANALYSIS = YES;
				CLANG_WARN_STRICT_PROTOTYPES = YES;
				CLANG_WARN_SUSPICIOUS_MOVE = YES;
				CLANG_WARN_UNGUARDED_AVAILABILITY = YES_AGGRESSIVE;
				CLANG_WARN_UNREACHABLE_CODE = YES;
				CLANG_WARN__DUPLICATE_METHOD_MATCH = YES;
				COPY_PHASE_STRIP = NO;
				DEBUG_INFORMATION_FORMAT = dwarf;
				ENABLE_STRICT_OBJC_MSGSEND = YES;
				ENABLE_TESTABILITY = YES;
				GCC_C_LANGUAGE_STANDARD = gnu11;
				GCC_DYNAMIC_NO_PIC = NO;
				GCC_NO_COMMON_BLOCKS = YES;
				GCC_OPTIMIZATION_LEVEL = 0;
				GCC_PREPROCESSOR_DEFINITIONS = (
					"DEBUG=1",
					"$(inherited)",
				);
				GCC_WARN_64_TO_32_BIT_CONVERSION = YES;
				GCC_WARN_ABOUT_RETURN_TYPE = YES_ERROR;
				GCC_WARN_UNDECLARED_SELECTOR = YES;
				GCC_WARN_UNINITIALIZED_AUTOS = YES_AGGRESSIVE;
				GCC_WARN_UNUSED_FUNCTION = YES;
				GCC_WARN_UNUSED_VARIABLE = YES;
				IPHONEOS_DEPLOYMENT_TARGET = 14.5;
				MTL_ENABLE_DEBUG_INFO = INCLUDE_SOURCE;
				MTL_FAST_MATH = YES;
				ONLY_ACTIVE_ARCH = YES;
				SDKROOT = iphoneos;
				SWIFT_ACTIVE_COMPILATION_CONDITIONS = DEBUG;
				SWIFT_OPTIMIZATION_LEVEL = "-Onone";
			};
			name = Debug;
		};
		6A4CC49526CF8054007AF95F /* Release */ = {
			isa = XCBuildConfiguration;
			buildSettings = {
				ALWAYS_SEARCH_USER_PATHS = NO;
				CLANG_ANALYZER_NONNULL = YES;
				CLANG_ANALYZER_NUMBER_OBJECT_CONVERSION = YES_AGGRESSIVE;
				CLANG_CXX_LANGUAGE_STANDARD = "gnu++14";
				CLANG_CXX_LIBRARY = "libc++";
				CLANG_ENABLE_MODULES = YES;
				CLANG_ENABLE_OBJC_ARC = YES;
				CLANG_ENABLE_OBJC_WEAK = YES;
				CLANG_WARN_BLOCK_CAPTURE_AUTORELEASING = YES;
				CLANG_WARN_BOOL_CONVERSION = YES;
				CLANG_WARN_COMMA = YES;
				CLANG_WARN_CONSTANT_CONVERSION = YES;
				CLANG_WARN_DEPRECATED_OBJC_IMPLEMENTATIONS = YES;
				CLANG_WARN_DIRECT_OBJC_ISA_USAGE = YES_ERROR;
				CLANG_WARN_DOCUMENTATION_COMMENTS = YES;
				CLANG_WARN_EMPTY_BODY = YES;
				CLANG_WARN_ENUM_CONVERSION = YES;
				CLANG_WARN_INFINITE_RECURSION = YES;
				CLANG_WARN_INT_CONVERSION = YES;
				CLANG_WARN_NON_LITERAL_NULL_CONVERSION = YES;
				CLANG_WARN_OBJC_IMPLICIT_RETAIN_SELF = YES;
				CLANG_WARN_OBJC_LITERAL_CONVERSION = YES;
				CLANG_WARN_OBJC_ROOT_CLASS = YES_ERROR;
				CLANG_WARN_QUOTED_INCLUDE_IN_FRAMEWORK_HEADER = YES;
				CLANG_WARN_RANGE_LOOP_ANALYSIS = YES;
				CLANG_WARN_STRICT_PROTOTYPES = YES;
				CLANG_WARN_SUSPICIOUS_MOVE = YES;
				CLANG_WARN_UNGUARDED_AVAILABILITY = YES_AGGRESSIVE;
				CLANG_WARN_UNREACHABLE_CODE = YES;
				CLANG_WARN__DUPLICATE_METHOD_MATCH = YES;
				COPY_PHASE_STRIP = NO;
				DEBUG_INFORMATION_FORMAT = "dwarf-with-dsym";
				ENABLE_NS_ASSERTIONS = NO;
				ENABLE_STRICT_OBJC_MSGSEND = YES;
				GCC_C_LANGUAGE_STANDARD = gnu11;
				GCC_NO_COMMON_BLOCKS = YES;
				GCC_WARN_64_TO_32_BIT_CONVERSION = YES;
				GCC_WARN_ABOUT_RETURN_TYPE = YES_ERROR;
				GCC_WARN_UNDECLARED_SELECTOR = YES;
				GCC_WARN_UNINITIALIZED_AUTOS = YES_AGGRESSIVE;
				GCC_WARN_UNUSED_FUNCTION = YES;
				GCC_WARN_UNUSED_VARIABLE = YES;
				IPHONEOS_DEPLOYMENT_TARGET = 14.5;
				MTL_ENABLE_DEBUG_INFO = NO;
				MTL_FAST_MATH = YES;
				SDKROOT = iphoneos;
				SWIFT_COMPILATION_MODE = wholemodule;
				SWIFT_OPTIMIZATION_LEVEL = "-O";
				VALIDATE_PRODUCT = YES;
			};
			name = Release;
		};
		6A4CC49726CF8054007AF95F /* Debug */ = {
			isa = XCBuildConfiguration;
			baseConfigurationReference = 182C5BAA5B8AD4591989D317 /* Pods-GMS Normal App.debug.xcconfig */;
			buildSettings = {
				ASSETCATALOG_COMPILER_APPICON_NAME = AppIcon;
				ASSETCATALOG_COMPILER_GLOBAL_ACCENT_COLOR_NAME = AccentColor;
				CODE_SIGN_STYLE = Automatic;
				DEVELOPMENT_TEAM = C4XW5DUC36;
				INFOPLIST_FILE = "GMS Normal App/Info.plist";
				LD_RUNPATH_SEARCH_PATHS = (
					"$(inherited)",
					"@executable_path/Frameworks",
				);
				PRODUCT_BUNDLE_IDENTIFIER = "com.Cider.test.GMS-Normal-App";
				PRODUCT_NAME = "$(TARGET_NAME)";
				SWIFT_VERSION = 5.0;
				TARGETED_DEVICE_FAMILY = "1,2";
			};
			name = Debug;
		};
		6A4CC49826CF8054007AF95F /* Release */ = {
			isa = XCBuildConfiguration;
			baseConfigurationReference = 7CAB4BFF3457544958BED132 /* Pods-GMS Normal App.release.xcconfig */;
			buildSettings = {
				ASSETCATALOG_COMPILER_APPICON_NAME = AppIcon;
				ASSETCATALOG_COMPILER_GLOBAL_ACCENT_COLOR_NAME = AccentColor;
				CODE_SIGN_STYLE = Automatic;
				DEVELOPMENT_TEAM = C4XW5DUC36;
				INFOPLIST_FILE = "GMS Normal App/Info.plist";
				LD_RUNPATH_SEARCH_PATHS = (
					"$(inherited)",
					"@executable_path/Frameworks",
				);
				PRODUCT_BUNDLE_IDENTIFIER = "com.Cider.test.GMS-Normal-App";
				PRODUCT_NAME = "$(TARGET_NAME)";
				SWIFT_VERSION = 5.0;
				TARGETED_DEVICE_FAMILY = "1,2";
			};
			name = Release;
		};
/* End XCBuildConfiguration section */

/* Begin XCConfigurationList section */
		6A4CC47D26CF8053007AF95F /* Build configuration list for PBXProject "GMS Normal App" */ = {
			isa = XCConfigurationList;
			buildConfigurations = (
				6A4CC49426CF8054007AF95F /* Debug */,
				6A4CC49526CF8054007AF95F /* Release */,
			);
			defaultConfigurationIsVisible = 0;
			defaultConfigurationName = Release;
		};
		6A4CC49626CF8054007AF95F /* Build configuration list for PBXNativeTarget "GMS Normal App" */ = {
			isa = XCConfigurationList;
			buildConfigurations = (
				6A4CC49726CF8054007AF95F /* Debug */,
				6A4CC49826CF8054007AF95F /* Release */,
			);
			defaultConfigurationIsVisible = 0;
			defaultConfigurationName = Release;
		};
/* End XCConfigurationList section */
	};
	rootObject = 6A4CC47A26CF8053007AF95F /* Project object */;
}
